// !$*UTF8*$!
{
	archiveVersion = 1;
	classes = {
	};
	objectVersion = 50;
	objects = {

/* Begin PBXBuildFile section */
		E26B937F25DA4CCD009D0910 /* FructusApp.swift in Sources */ = {isa = PBXBuildFile; fileRef = E26B937E25DA4CCD009D0910 /* FructusApp.swift */; };
		E26B938125DA4CCD009D0910 /* ContentView.swift in Sources */ = {isa = PBXBuildFile; fileRef = E26B938025DA4CCD009D0910 /* ContentView.swift */; };
		E26B938325DA4CCE009D0910 /* Assets.xcassets in Resources */ = {isa = PBXBuildFile; fileRef = E26B938225DA4CCE009D0910 /* Assets.xcassets */; };
		E26B938625DA4CCE009D0910 /* Preview Assets.xcassets in Resources */ = {isa = PBXBuildFile; fileRef = E26B938525DA4CCE009D0910 /* Preview Assets.xcassets */; };
		E26B939425DA5053009D0910 /* FruitCardView.swift in Sources */ = {isa = PBXBuildFile; fileRef = E26B939325DA5053009D0910 /* FruitCardView.swift */; };
		E26B939825DA5702009D0910 /* StartButtonView.swift in Sources */ = {isa = PBXBuildFile; fileRef = E26B939725DA5702009D0910 /* StartButtonView.swift */; };
		E26B939C25DA5CE7009D0910 /* OnBoardingView.swift in Sources */ = {isa = PBXBuildFile; fileRef = E26B939B25DA5CE7009D0910 /* OnBoardingView.swift */; };
		E26B93A025DA6622009D0910 /* FruitModel.swift in Sources */ = {isa = PBXBuildFile; fileRef = E26B939F25DA6622009D0910 /* FruitModel.swift */; };
		E26B93A525DA6738009D0910 /* FruitData.swift in Sources */ = {isa = PBXBuildFile; fileRef = E26B93A425DA6738009D0910 /* FruitData.swift */; };
		E26B93B225DAA497009D0910 /* FruitRowView.swift in Sources */ = {isa = PBXBuildFile; fileRef = E26B93B125DAA497009D0910 /* FruitRowView.swift */; };
		E26B93B525DAA977009D0910 /* FruitDetailView.swift in Sources */ = {isa = PBXBuildFile; fileRef = E26B93B425DAA977009D0910 /* FruitDetailView.swift */; };
		E26B93B825DAAC51009D0910 /* FruitHeaderView.swift in Sources */ = {isa = PBXBuildFile; fileRef = E26B93B725DAAC51009D0910 /* FruitHeaderView.swift */; };
		E26B93BB25DAB098009D0910 /* SourceLinkView.swift in Sources */ = {isa = PBXBuildFile; fileRef = E26B93BA25DAB098009D0910 /* SourceLinkView.swift */; };
		E26B93BE25DAB593009D0910 /* FruitNutrientsView.swift in Sources */ = {isa = PBXBuildFile; fileRef = E26B93BD25DAB593009D0910 /* FruitNutrientsView.swift */; };
		E26B93C225DABDA4009D0910 /* SettingsView.swift in Sources */ = {isa = PBXBuildFile; fileRef = E26B93C125DABDA4009D0910 /* SettingsView.swift */; };
		E26B93C525DAC516009D0910 /* SettingsLabelView.swift in Sources */ = {isa = PBXBuildFile; fileRef = E26B93C425DAC516009D0910 /* SettingsLabelView.swift */; };
		E26B93C825DAC854009D0910 /* SettingsRowView.swift in Sources */ = {isa = PBXBuildFile; fileRef = E26B93C725DAC854009D0910 /* SettingsRowView.swift */; };
/* End PBXBuildFile section */

/* Begin PBXFileReference section */
		E26B937B25DA4CCD009D0910 /* Fructus.app */ = {isa = PBXFileReference; explicitFileType = wrapper.application; includeInIndex = 0; path = Fructus.app; sourceTree = BUILT_PRODUCTS_DIR; };
		E26B937E25DA4CCD009D0910 /* FructusApp.swift */ = {isa = PBXFileReference; lastKnownFileType = sourcecode.swift; path = FructusApp.swift; sourceTree = "<group>"; };
		E26B938025DA4CCD009D0910 /* ContentView.swift */ = {isa = PBXFileReference; lastKnownFileType = sourcecode.swift; path = ContentView.swift; sourceTree = "<group>"; };
		E26B938225DA4CCE009D0910 /* Assets.xcassets */ = {isa = PBXFileReference; lastKnownFileType = folder.assetcatalog; path = Assets.xcassets; sourceTree = "<group>"; };
		E26B938525DA4CCE009D0910 /* Preview Assets.xcassets */ = {isa = PBXFileReference; lastKnownFileType = folder.assetcatalog; path = "Preview Assets.xcassets"; sourceTree = "<group>"; };
		E26B938725DA4CCE009D0910 /* Info.plist */ = {isa = PBXFileReference; lastKnownFileType = text.plist.xml; path = Info.plist; sourceTree = "<group>"; };
		E26B939325DA5053009D0910 /* FruitCardView.swift */ = {isa = PBXFileReference; lastKnownFileType = sourcecode.swift; path = FruitCardView.swift; sourceTree = "<group>"; };
		E26B939725DA5702009D0910 /* StartButtonView.swift */ = {isa = PBXFileReference; lastKnownFileType = sourcecode.swift; path = StartButtonView.swift; sourceTree = "<group>"; };
		E26B939B25DA5CE7009D0910 /* OnBoardingView.swift */ = {isa = PBXFileReference; lastKnownFileType = sourcecode.swift; path = OnBoardingView.swift; sourceTree = "<group>"; };
		E26B939F25DA6622009D0910 /* FruitModel.swift */ = {isa = PBXFileReference; lastKnownFileType = sourcecode.swift; path = FruitModel.swift; sourceTree = "<group>"; };
		E26B93A425DA6738009D0910 /* FruitData.swift */ = {isa = PBXFileReference; lastKnownFileType = sourcecode.swift; path = FruitData.swift; sourceTree = "<group>"; };
		E26B93B125DAA497009D0910 /* FruitRowView.swift */ = {isa = PBXFileReference; lastKnownFileType = sourcecode.swift; path = FruitRowView.swift; sourceTree = "<group>"; };
		E26B93B425DAA977009D0910 /* FruitDetailView.swift */ = {isa = PBXFileReference; lastKnownFileType = sourcecode.swift; path = FruitDetailView.swift; sourceTree = "<group>"; };
		E26B93B725DAAC51009D0910 /* FruitHeaderView.swift */ = {isa = PBXFileReference; lastKnownFileType = sourcecode.swift; path = FruitHeaderView.swift; sourceTree = "<group>"; };
		E26B93BA25DAB098009D0910 /* SourceLinkView.swift */ = {isa = PBXFileReference; lastKnownFileType = sourcecode.swift; path = SourceLinkView.swift; sourceTree = "<group>"; };
		E26B93BD25DAB593009D0910 /* FruitNutrientsView.swift */ = {isa = PBXFileReference; lastKnownFileType = sourcecode.swift; path = FruitNutrientsView.swift; sourceTree = "<group>"; };
		E26B93C125DABDA4009D0910 /* SettingsView.swift */ = {isa = PBXFileReference; lastKnownFileType = sourcecode.swift; path = SettingsView.swift; sourceTree = "<group>"; };
		E26B93C425DAC516009D0910 /* SettingsLabelView.swift */ = {isa = PBXFileReference; lastKnownFileType = sourcecode.swift; path = SettingsLabelView.swift; sourceTree = "<group>"; };
		E26B93C725DAC854009D0910 /* SettingsRowView.swift */ = {isa = PBXFileReference; lastKnownFileType = sourcecode.swift; path = SettingsRowView.swift; sourceTree = "<group>"; };
/* End PBXFileReference section */

/* Begin PBXFrameworksBuildPhase section */
		E26B937825DA4CCD009D0910 /* Frameworks */ = {
			isa = PBXFrameworksBuildPhase;
			buildActionMask = 2147483647;
			files = (
			);
			runOnlyForDeploymentPostprocessing = 0;
		};
/* End PBXFrameworksBuildPhase section */

/* Begin PBXGroup section */
		E26B937225DA4CCD009D0910 = {
			isa = PBXGroup;
			children = (
				E26B937D25DA4CCD009D0910 /* Fructus */,
				E26B937C25DA4CCD009D0910 /* Products */,
			);
			sourceTree = "<group>";
		};
		E26B937C25DA4CCD009D0910 /* Products */ = {
			isa = PBXGroup;
			children = (
				E26B937B25DA4CCD009D0910 /* Fructus.app */,
			);
			name = Products;
			sourceTree = "<group>";
		};
		E26B937D25DA4CCD009D0910 /* Fructus */ = {
			isa = PBXGroup;
			children = (
				E26B93A325DA672B009D0910 /* Data */,
				E26B939E25DA6607009D0910 /* Model */,
				E26B939225DA502F009D0910 /* View */,
				E26B938F25DA5019009D0910 /* App */,
				E26B938225DA4CCE009D0910 /* Assets.xcassets */,
				E26B938725DA4CCE009D0910 /* Info.plist */,
				E26B938425DA4CCE009D0910 /* Preview Content */,
			);
			path = Fructus;
			sourceTree = "<group>";
		};
		E26B938425DA4CCE009D0910 /* Preview Content */ = {
			isa = PBXGroup;
			children = (
				E26B938525DA4CCE009D0910 /* Preview Assets.xcassets */,
			);
			path = "Preview Content";
			sourceTree = "<group>";
		};
		E26B938F25DA5019009D0910 /* App */ = {
			isa = PBXGroup;
			children = (
				E26B938025DA4CCD009D0910 /* ContentView.swift */,
				E26B93C125DABDA4009D0910 /* SettingsView.swift */,
				E26B937E25DA4CCD009D0910 /* FructusApp.swift */,
				E26B939B25DA5CE7009D0910 /* OnBoardingView.swift */,
				E26B93B425DAA977009D0910 /* FruitDetailView.swift */,
			);
			path = App;
			sourceTree = "<group>";
		};
		E26B939225DA502F009D0910 /* View */ = {
			isa = PBXGroup;
			children = (
				E26B939325DA5053009D0910 /* FruitCardView.swift */,
				E26B93C425DAC516009D0910 /* SettingsLabelView.swift */,
				E26B93BD25DAB593009D0910 /* FruitNutrientsView.swift */,
				E26B93B125DAA497009D0910 /* FruitRowView.swift */,
				E26B939725DA5702009D0910 /* StartButtonView.swift */,
				E26B93B725DAAC51009D0910 /* FruitHeaderView.swift */,
				E26B93C725DAC854009D0910 /* SettingsRowView.swift */,
				E26B93BA25DAB098009D0910 /* SourceLinkView.swift */,
			);
			path = View;
			sourceTree = "<group>";
		};
		E26B939E25DA6607009D0910 /* Model */ = {
			isa = PBXGroup;
			children = (
				E26B939F25DA6622009D0910 /* FruitModel.swift */,
			);
			path = Model;
			sourceTree = "<group>";
		};
		E26B93A325DA672B009D0910 /* Data */ = {
			isa = PBXGroup;
			children = (
				E26B93A425DA6738009D0910 /* FruitData.swift */,
			);
			path = Data;
			sourceTree = "<group>";
		};
/* End PBXGroup section */

/* Begin PBXNativeTarget section */
		E26B937A25DA4CCD009D0910 /* Fructus */ = {
			isa = PBXNativeTarget;
			buildConfigurationList = E26B938A25DA4CCE009D0910 /* Build configuration list for PBXNativeTarget "Fructus" */;
			buildPhases = (
				E26B937725DA4CCD009D0910 /* Sources */,
				E26B937825DA4CCD009D0910 /* Frameworks */,
				E26B937925DA4CCD009D0910 /* Resources */,
			);
			buildRules = (
			);
			dependencies = (
			);
			name = Fructus;
			productName = Fructus;
			productReference = E26B937B25DA4CCD009D0910 /* Fructus.app */;
			productType = "com.apple.product-type.application";
		};
/* End PBXNativeTarget section */

/* Begin PBXProject section */
		E26B937325DA4CCD009D0910 /* Project object */ = {
			isa = PBXProject;
			attributes = {
				LastSwiftUpdateCheck = 1240;
				LastUpgradeCheck = 1240;
				TargetAttributes = {
					E26B937A25DA4CCD009D0910 = {
						CreatedOnToolsVersion = 12.4;
					};
				};
			};
			buildConfigurationList = E26B937625DA4CCD009D0910 /* Build configuration list for PBXProject "Fructus" */;
			compatibilityVersion = "Xcode 9.3";
			developmentRegion = en;
			hasScannedForEncodings = 0;
			knownRegions = (
				en,
				Base,
			);
			mainGroup = E26B937225DA4CCD009D0910;
			productRefGroup = E26B937C25DA4CCD009D0910 /* Products */;
			projectDirPath = "";
			projectRoot = "";
			targets = (
				E26B937A25DA4CCD009D0910 /* Fructus */,
			);
		};
/* End PBXProject section */

/* Begin PBXResourcesBuildPhase section */
		E26B937925DA4CCD009D0910 /* Resources */ = {
			isa = PBXResourcesBuildPhase;
			buildActionMask = 2147483647;
			files = (
				E26B938625DA4CCE009D0910 /* Preview Assets.xcassets in Resources */,
				E26B938325DA4CCE009D0910 /* Assets.xcassets in Resources */,
			);
			runOnlyForDeploymentPostprocessing = 0;
		};
/* End PBXResourcesBuildPhase section */

/* Begin PBXSourcesBuildPhase section */
		E26B937725DA4CCD009D0910 /* Sources */ = {
			isa = PBXSourcesBuildPhase;
			buildActionMask = 2147483647;
			files = (
				E26B93A525DA6738009D0910 /* FruitData.swift in Sources */,
				E26B93BB25DAB098009D0910 /* SourceLinkView.swift in Sources */,
				E26B93C825DAC854009D0910 /* SettingsRowView.swift in Sources */,
				E26B939425DA5053009D0910 /* FruitCardView.swift in Sources */,
				E26B93B225DAA497009D0910 /* FruitRowView.swift in Sources */,
				E26B939825DA5702009D0910 /* StartButtonView.swift in Sources */,
				E26B93B525DAA977009D0910 /* FruitDetailView.swift in Sources */,
				E26B938125DA4CCD009D0910 /* ContentView.swift in Sources */,
				E26B93B825DAAC51009D0910 /* FruitHeaderView.swift in Sources */,
				E26B93BE25DAB593009D0910 /* FruitNutrientsView.swift in Sources */,
				E26B939C25DA5CE7009D0910 /* OnBoardingView.swift in Sources */,
				E26B93C525DAC516009D0910 /* SettingsLabelView.swift in Sources */,
				E26B93A025DA6622009D0910 /* FruitModel.swift in Sources */,
				E26B937F25DA4CCD009D0910 /* FructusApp.swift in Sources */,
				E26B93C225DABDA4009D0910 /* SettingsView.swift in Sources */,
			);
			runOnlyForDeploymentPostprocessing = 0;
		};
/* End PBXSourcesBuildPhase section */

/* Begin XCBuildConfiguration section */
		E26B938825DA4CCE009D0910 /* Debug */ = {
			isa = XCBuildConfiguration;
			buildSettings = {
				ALWAYS_SEARCH_USER_PATHS = NO;
				CLANG_ANALYZER_NONNULL = YES;
				CLANG_ANALYZER_NUMBER_OBJECT_CONVERSION = YES_AGGRESSIVE;
				CLANG_CXX_LANGUAGE_STANDARD = "gnu++14";
				CLANG_CXX_LIBRARY = "libc++";
				CLANG_ENABLE_MODULES = YES;
				CLANG_ENABLE_OBJC_ARC = YES;
				CLANG_ENABLE_OBJC_WEAK = YES;
				CLANG_WARN_BLOCK_CAPTURE_AUTORELEASING = YES;
				CLANG_WARN_BOOL_CONVERSION = YES;
				CLANG_WARN_COMMA = YES;
				CLANG_WARN_CONSTANT_CONVERSION = YES;
				CLANG_WARN_DEPRECATED_OBJC_IMPLEMENTATIONS = YES;
				CLANG_WARN_DIRECT_OBJC_ISA_USAGE = YES_ERROR;
				CLANG_WARN_DOCUMENTATION_COMMENTS = YES;
				CLANG_WARN_EMPTY_BODY = YES;
				CLANG_WARN_ENUM_CONVERSION = YES;
				CLANG_WARN_INFINITE_RECURSION = YES;
				CLANG_WARN_INT_CONVERSION = YES;
				CLANG_WARN_NON_LITERAL_NULL_CONVERSION = YES;
				CLANG_WARN_OBJC_IMPLICIT_RETAIN_SELF = YES;
				CLANG_WARN_OBJC_LITERAL_CONVERSION = YES;
				CLANG_WARN_OBJC_ROOT_CLASS = YES_ERROR;
				CLANG_WARN_QUOTED_INCLUDE_IN_FRAMEWORK_HEADER = YES;
				CLANG_WARN_RANGE_LOOP_ANALYSIS = YES;
				CLANG_WARN_STRICT_PROTOTYPES = YES;
				CLANG_WARN_SUSPICIOUS_MOVE = YES;
				CLANG_WARN_UNGUARDED_AVAILABILITY = YES_AGGRESSIVE;
				CLANG_WARN_UNREACHABLE_CODE = YES;
				CLANG_WARN__DUPLICATE_METHOD_MATCH = YES;
				COPY_PHASE_STRIP = NO;
				DEBUG_INFORMATION_FORMAT = dwarf;
				ENABLE_STRICT_OBJC_MSGSEND = YES;
				ENABLE_TESTABILITY = YES;
				GCC_C_LANGUAGE_STANDARD = gnu11;
				GCC_DYNAMIC_NO_PIC = NO;
				GCC_NO_COMMON_BLOCKS = YES;
				GCC_OPTIMIZATION_LEVEL = 0;
				GCC_PREPROCESSOR_DEFINITIONS = (
					"DEBUG=1",
					"$(inherited)",
				);
				GCC_WARN_64_TO_32_BIT_CONVERSION = YES;
				GCC_WARN_ABOUT_RETURN_TYPE = YES_ERROR;
				GCC_WARN_UNDECLARED_SELECTOR = YES;
				GCC_WARN_UNINITIALIZED_AUTOS = YES_AGGRESSIVE;
				GCC_WARN_UNUSED_FUNCTION = YES;
				GCC_WARN_UNUSED_VARIABLE = YES;
				IPHONEOS_DEPLOYMENT_TARGET = 14.4;
				MTL_ENABLE_DEBUG_INFO = INCLUDE_SOURCE;
				MTL_FAST_MATH = YES;
				ONLY_ACTIVE_ARCH = YES;
				SDKROOT = iphoneos;
				SWIFT_ACTIVE_COMPILATION_CONDITIONS = DEBUG;
				SWIFT_OPTIMIZATION_LEVEL = "-Onone";
			};
			name = Debug;
		};
		E26B938925DA4CCE009D0910 /* Release */ = {
			isa = XCBuildConfiguration;
			buildSettings = {
				ALWAYS_SEARCH_USER_PATHS = NO;
				CLANG_ANALYZER_NONNULL = YES;
				CLANG_ANALYZER_NUMBER_OBJECT_CONVERSION = YES_AGGRESSIVE;
				CLANG_CXX_LANGUAGE_STANDARD = "gnu++14";
				CLANG_CXX_LIBRARY = "libc++";
				CLANG_ENABLE_MODULES = YES;
				CLANG_ENABLE_OBJC_ARC = YES;
				CLANG_ENABLE_OBJC_WEAK = YES;
				CLANG_WARN_BLOCK_CAPTURE_AUTORELEASING = YES;
				CLANG_WARN_BOOL_CONVERSION = YES;
				CLANG_WARN_COMMA = YES;
				CLANG_WARN_CONSTANT_CONVERSION = YES;
				CLANG_WARN_DEPRECATED_OBJC_IMPLEMENTATIONS = YES;
				CLANG_WARN_DIRECT_OBJC_ISA_USAGE = YES_ERROR;
				CLANG_WARN_DOCUMENTATION_COMMENTS = YES;
				CLANG_WARN_EMPTY_BODY = YES;
				CLANG_WARN_ENUM_CONVERSION = YES;
				CLANG_WARN_INFINITE_RECURSION = YES;
				CLANG_WARN_INT_CONVERSION = YES;
				CLANG_WARN_NON_LITERAL_NULL_CONVERSION = YES;
				CLANG_WARN_OBJC_IMPLICIT_RETAIN_SELF = YES;
				CLANG_WARN_OBJC_LITERAL_CONVERSION = YES;
				CLANG_WARN_OBJC_ROOT_CLASS = YES_ERROR;
				CLANG_WARN_QUOTED_INCLUDE_IN_FRAMEWORK_HEADER = YES;
				CLANG_WARN_RANGE_LOOP_ANALYSIS = YES;
				CLANG_WARN_STRICT_PROTOTYPES = YES;
				CLANG_WARN_SUSPICIOUS_MOVE = YES;
				CLANG_WARN_UNGUARDED_AVAILABILITY = YES_AGGRESSIVE;
				CLANG_WARN_UNREACHABLE_CODE = YES;
				CLANG_WARN__DUPLICATE_METHOD_MATCH = YES;
				COPY_PHASE_STRIP = NO;
				DEBUG_INFORMATION_FORMAT = "dwarf-with-dsym";
				ENABLE_NS_ASSERTIONS = NO;
				ENABLE_STRICT_OBJC_MSGSEND = YES;
				GCC_C_LANGUAGE_STANDARD = gnu11;
				GCC_NO_COMMON_BLOCKS = YES;
				GCC_WARN_64_TO_32_BIT_CONVERSION = YES;
				GCC_WARN_ABOUT_RETURN_TYPE = YES_ERROR;
				GCC_WARN_UNDECLARED_SELECTOR = YES;
				GCC_WARN_UNINITIALIZED_AUTOS = YES_AGGRESSIVE;
				GCC_WARN_UNUSED_FUNCTION = YES;
				GCC_WARN_UNUSED_VARIABLE = YES;
				IPHONEOS_DEPLOYMENT_TARGET = 14.4;
				MTL_ENABLE_DEBUG_INFO = NO;
				MTL_FAST_MATH = YES;
				SDKROOT = iphoneos;
				SWIFT_COMPILATION_MODE = wholemodule;
				SWIFT_OPTIMIZATION_LEVEL = "-O";
				VALIDATE_PRODUCT = YES;
			};
			name = Release;
		};
		E26B938B25DA4CCE009D0910 /* Debug */ = {
			isa = XCBuildConfiguration;
			buildSettings = {
				ASSETCATALOG_COMPILER_APPICON_NAME = AppIcon;
				ASSETCATALOG_COMPILER_GLOBAL_ACCENT_COLOR_NAME = AccentColor;
				CODE_SIGN_STYLE = Automatic;
				DEVELOPMENT_ASSET_PATHS = "\"Fructus/Preview Content\"";
				DEVELOPMENT_TEAM = 68435FU9T3;
				ENABLE_PREVIEWS = YES;
				INFOPLIST_FILE = Fructus/Info.plist;
				IPHONEOS_DEPLOYMENT_TARGET = 14.0;
				LD_RUNPATH_SEARCH_PATHS = (
					"$(inherited)",
					"@executable_path/Frameworks",
				);
				PRODUCT_BUNDLE_IDENTIFIER = com.ugozeal.Fructus;
				PRODUCT_NAME = "$(TARGET_NAME)";
				SWIFT_VERSION = 5.0;
				TARGETED_DEVICE_FAMILY = "1,2";
			};
			name = Debug;
		};
		E26B938C25DA4CCE009D0910 /* Release */ = {
			isa = XCBuildConfiguration;
			buildSettings = {
				ASSETCATALOG_COMPILER_APPICON_NAME = AppIcon;
				ASSETCATALOG_COMPILER_GLOBAL_ACCENT_COLOR_NAME = AccentColor;
				CODE_SIGN_STYLE = Automatic;
				DEVELOPMENT_ASSET_PATHS = "\"Fructus/Preview Content\"";
				DEVELOPMENT_TEAM = 68435FU9T3;
				ENABLE_PREVIEWS = YES;
				INFOPLIST_FILE = Fructus/Info.plist;
				IPHONEOS_DEPLOYMENT_TARGET = 14.0;
				LD_RUNPATH_SEARCH_PATHS = (
					"$(inherited)",
					"@executable_path/Frameworks",
				);
				PRODUCT_BUNDLE_IDENTIFIER = com.ugozeal.Fructus;
				PRODUCT_NAME = "$(TARGET_NAME)";
				SWIFT_VERSION = 5.0;
				TARGETED_DEVICE_FAMILY = "1,2";
			};
			name = Release;
		};
/* End XCBuildConfiguration section */

/* Begin XCConfigurationList section */
		E26B937625DA4CCD009D0910 /* Build configuration list for PBXProject "Fructus" */ = {
			isa = XCConfigurationList;
			buildConfigurations = (
				E26B938825DA4CCE009D0910 /* Debug */,
				E26B938925DA4CCE009D0910 /* Release */,
			);
			defaultConfigurationIsVisible = 0;
			defaultConfigurationName = Release;
		};
		E26B938A25DA4CCE009D0910 /* Build configuration list for PBXNativeTarget "Fructus" */ = {
			isa = XCConfigurationList;
			buildConfigurations = (
				E26B938B25DA4CCE009D0910 /* Debug */,
				E26B938C25DA4CCE009D0910 /* Release */,
			);
			defaultConfigurationIsVisible = 0;
			defaultConfigurationName = Release;
		};
/* End XCConfigurationList section */
	};
	rootObject = E26B937325DA4CCD009D0910 /* Project object */;
}
